
Microsoft Visual Studio Solution File, Format Version 12.00
# Visual Studio 15
VisualStudioVersion = 15.0.27703.2042
MinimumVisualStudioVersion = 10.0.40219.1
Project("{FAE04EC0-301F-11D3-BF4B-00C04F79EFBC}") = "Azure.CosmosSQL", "Azure.CosmosSQLClient\Azure.CosmosSQL.csproj", "{AC599F28-4591-4CC4-A187-E2DB6FC6396C}"
EndProject
Global
	GlobalSection(SolutionConfigurationPlatforms) = preSolution
		Debug|Any CPU = Debug|Any CPU
		Release|Any CPU = Release|Any CPU
	EndGlobalSection
	GlobalSection(ProjectConfigurationPlatforms) = postSolution
		{AC599F28-4591-4CC4-A187-E2DB6FC6396C}.Debug|Any CPU.ActiveCfg = Debug|Any CPU
		{AC599F28-4591-4CC4-A187-E2DB6FC6396C}.Debug|Any CPU.Build.0 = Debug|Any CPU
		{AC599F28-4591-4CC4-A187-E2DB6FC6396C}.Release|Any CPU.ActiveCfg = Release|Any CPU
		{AC599F28-4591-4CC4-A187-E2DB6FC6396C}.Release|Any CPU.Build.0 = Release|Any CPU
	EndGlobalSection
	GlobalSection(SolutionProperties) = preSolution
		HideSolutionNode = FALSE
	EndGlobalSection
	GlobalSection(ExtensibilityGlobals) = postSolution
		SolutionGuid = {0EDF99AF-CF77-4B87-B103-21D2FD1A1440}
	EndGlobalSection
EndGlobal
