
Microsoft Visual Studio Solution File, Format Version 12.00
# Visual Studio 15
VisualStudioVersion = 15.0.27703.2042
MinimumVisualStudioVersion = 10.0.40219.1
Project("{FAE04EC0-301F-11D3-BF4B-00C04F79EFBC}") = "ChangeFeedProcessor", "ChangeFeedProcessor\ChangeFeedProcessor.csproj", "{9280E85C-D193-4E03-A657-D5B28411706B}"
EndProject
Global
	GlobalSection(SolutionConfigurationPlatforms) = preSolution
		Debug|Any CPU = Debug|Any CPU
		Release|Any CPU = Release|Any CPU
	EndGlobalSection
	GlobalSection(ProjectConfigurationPlatforms) = postSolution
		{9280E85C-D193-4E03-A657-D5B28411706B}.Debug|Any CPU.ActiveCfg = Debug|Any CPU
		{9280E85C-D193-4E03-A657-D5B28411706B}.Debug|Any CPU.Build.0 = Debug|Any CPU
		{9280E85C-D193-4E03-A657-D5B28411706B}.Release|Any CPU.ActiveCfg = Release|Any CPU
		{9280E85C-D193-4E03-A657-D5B28411706B}.Release|Any CPU.Build.0 = Release|Any CPU
	EndGlobalSection
	GlobalSection(SolutionProperties) = preSolution
		HideSolutionNode = FALSE
	EndGlobalSection
	GlobalSection(ExtensibilityGlobals) = postSolution
		SolutionGuid = {2167D51F-2817-4543-AF61-A09D3C31F0F8}
	EndGlobalSection
EndGlobal
